{
  "projects": [
    {
      "projectId": "seaQhLVS4bbjiGvJJrRwyL",
      "version": "15.0.3",
      "dependencies": {},
      "lang": "ts",
      "fileLocks": [
        {
          "assetId": "seaQhLVS4bbjiGvJJrRwyL",
          "type": "projectCss",
          "checksum": "9345b883752a1b7fa88c203f6bc63740"
        }
      ],
      "codegenVersion": "0.0.1"
    },
    {
      "projectId": "tvVTwwePc85tPBQvUstzLG",
      "version": "latest",
      "dependencies": {
        "seaQhLVS4bbjiGvJJrRwyL": "15.0.3"
      },
      "lang": "ts",
      "fileLocks": [
        {
          "type": "globalVariant",
          "assetId": "8gi6xTGfjIWN",
          "checksum": "1ff9af1a3f3b186d9b8bd44e9764c317"
        },
        {
          "assetId": "tvVTwwePc85tPBQvUstzLG",
          "type": "projectCss",
          "checksum": "836ecefe00ae824dc006741c4018c6fb"
        },
        {
          "type": "renderModule",
          "assetId": "6ZQX3neGqTX",
          "checksum": "5e39aae584b8d8d61c93e1263228e845"
        },
        {
          "type": "cssRules",
          "assetId": "6ZQX3neGqTX",
          "checksum": "5e39aae584b8d8d61c93e1263228e845"
        },
        {
          "type": "renderModule",
          "assetId": "5WobWIwnzyp",
          "checksum": "a5cf9e6910ba6786234acc72cbf65853"
        },
        {
          "type": "cssRules",
          "assetId": "5WobWIwnzyp",
          "checksum": "a5cf9e6910ba6786234acc72cbf65853"
        },
        {
          "type": "renderModule",
          "assetId": "7pLAd-aRbqI",
          "checksum": "646400e29c5808fb6ea770b55ad4ba6e"
        },
        {
          "type": "cssRules",
          "assetId": "7pLAd-aRbqI",
          "checksum": "646400e29c5808fb6ea770b55ad4ba6e"
        },
        {
          "type": "renderModule",
          "assetId": "WuiK6Q0G2Qn",
          "checksum": "041c086a94417910c0b4d34d22fdff3e"
        },
        {
          "type": "cssRules",
          "assetId": "WuiK6Q0G2Qn",
          "checksum": "041c086a94417910c0b4d34d22fdff3e"
        },
        {
          "type": "renderModule",
          "assetId": "EQKQS6ieVj9",
          "checksum": "d8222e9ce55a514b6645117e9c93e891"
        },
        {
          "type": "cssRules",
          "assetId": "EQKQS6ieVj9",
          "checksum": "d8222e9ce55a514b6645117e9c93e891"
        },
        {
          "type": "renderModule",
          "assetId": "L9TAi3yCQVM",
          "checksum": "baf81f4577b72e762d67509e0fa1676b"
        },
        {
          "type": "cssRules",
          "assetId": "L9TAi3yCQVM",
          "checksum": "baf81f4577b72e762d67509e0fa1676b"
        },
        {
          "type": "renderModule",
          "assetId": "cUMvV6WTEqcd",
          "checksum": "e0ff366da86a67c8b658d958e1f51f2c"
        },
        {
          "type": "cssRules",
          "assetId": "cUMvV6WTEqcd",
          "checksum": "e0ff366da86a67c8b658d958e1f51f2c"
        },
        {
          "type": "renderModule",
          "assetId": "HJPGgYLZhiYt",
          "checksum": "bc089e4fc49ae5ac0fafc51d761f130f"
        },
        {
          "type": "cssRules",
          "assetId": "HJPGgYLZhiYt",
          "checksum": "bc089e4fc49ae5ac0fafc51d761f130f"
        },
        {
          "type": "renderModule",
          "assetId": "tD26NF6maDvv",
          "checksum": "fc1aef811e1efaa982308ed2bb5fc70a"
        },
        {
          "type": "cssRules",
          "assetId": "tD26NF6maDvv",
          "checksum": "fc1aef811e1efaa982308ed2bb5fc70a"
        },
        {
          "type": "renderModule",
          "assetId": "-kuylHrdU3pq",
          "checksum": "a966ec5b621ee97a9638e06353642b16"
        },
        {
          "type": "cssRules",
          "assetId": "-kuylHrdU3pq",
          "checksum": "a966ec5b621ee97a9638e06353642b16"
        },
        {
          "type": "renderModule",
          "assetId": "T0Uzv7heB-kN",
          "checksum": "6e34914138303e0528b44ed02d67d2b2"
        },
        {
          "type": "cssRules",
          "assetId": "T0Uzv7heB-kN",
          "checksum": "6e34914138303e0528b44ed02d67d2b2"
        },
        {
          "type": "renderModule",
          "assetId": "m8qYZZVjOJFW",
          "checksum": "8277a7f0b7306458c81cc6b31ac48631"
        },
        {
          "type": "cssRules",
          "assetId": "m8qYZZVjOJFW",
          "checksum": "8277a7f0b7306458c81cc6b31ac48631"
        },
        {
          "type": "renderModule",
          "assetId": "zFqYeIGWBdTd",
          "checksum": "a3f569c2be990510baf25bf12ce3c820"
        },
        {
          "type": "cssRules",
          "assetId": "zFqYeIGWBdTd",
          "checksum": "a3f569c2be990510baf25bf12ce3c820"
        },
        {
          "type": "renderModule",
          "assetId": "FkW1N0IK51UO",
          "checksum": "07507cecd0d73c3c09f366de78fdcfb0"
        },
        {
          "type": "cssRules",
          "assetId": "FkW1N0IK51UO",
          "checksum": "07507cecd0d73c3c09f366de78fdcfb0"
        },
        {
          "type": "renderModule",
          "assetId": "Y75mXQd6bYxg",
          "checksum": "bfa3c87d4a8ed62bdaf7d82001824ec4"
        },
        {
          "type": "cssRules",
          "assetId": "Y75mXQd6bYxg",
          "checksum": "bfa3c87d4a8ed62bdaf7d82001824ec4"
        },
        {
          "type": "renderModule",
          "assetId": "-ZMLpUpKw85n",
          "checksum": "e077af7818f8be8cf7f2eb08549e0ca9"
        },
        {
          "type": "cssRules",
          "assetId": "-ZMLpUpKw85n",
          "checksum": "e077af7818f8be8cf7f2eb08549e0ca9"
        },
        {
          "type": "renderModule",
          "assetId": "6XilaO3LGxBt",
          "checksum": "4787e38fbabf99108b4a1231db431c5f"
        },
        {
          "type": "cssRules",
          "assetId": "6XilaO3LGxBt",
          "checksum": "4787e38fbabf99108b4a1231db431c5f"
        },
        {
          "type": "icon",
          "assetId": "oCU7rVAsbxqt",
          "checksum": "cb0a0aac0f145c568c804e23bca9e268"
        },
        {
          "type": "icon",
          "assetId": "chE8sq1lPJRb",
          "checksum": "d36998f384e0bb9db9649555ff4947bb"
        },
        {
          "type": "icon",
          "assetId": "-nbOeN1qBhQL",
          "checksum": "2bc78a64f2e2004c55f864bb770f4c3f"
        },
        {
          "type": "icon",
          "assetId": "u0ACB4RBDjGQ",
          "checksum": "a2649da0a1fa011393fa8e371a39ccba"
        },
        {
          "type": "icon",
          "assetId": "6telKQyvhXkT",
          "checksum": "ebfe575d880f3a737a55caf7b59b4d4b"
        },
        {
          "type": "icon",
          "assetId": "CIKOWoaRrGsL",
          "checksum": "6d2c5c3f8b9ae0a55d64db95c781623e"
        },
        {
          "type": "icon",
          "assetId": "NLWj_ux-vnHA",
          "checksum": "2bce68f2adc4bbeb143acda0bf0bc681"
        },
        {
          "type": "icon",
          "assetId": "QdMAau3BOZOZ",
          "checksum": "3bf99e44c7882040ca81a71f0efd3944"
        },
        {
          "type": "icon",
          "assetId": "yw8ImEkQ04Ar",
          "checksum": "5f1ef626b706246adf00d4e127903e15"
        },
        {
          "type": "icon",
          "assetId": "3oz8sBresxW7",
          "checksum": "496348c011022ae9e9505867ca8001b6"
        },
        {
          "type": "icon",
          "assetId": "8O9-WGSlpjaf",
          "checksum": "333b56e88301fc7d0fbc262e2b5de074"
        },
        {
          "type": "icon",
          "assetId": "vvIrd5cJobMD",
          "checksum": "9c905fa63f937ad35839532b15896ff2"
        },
        {
          "type": "icon",
          "assetId": "pAzfgRQz7SZR",
          "checksum": "15e9a3af02776a403a4ace37c23172d5"
        },
        {
          "type": "icon",
          "assetId": "HBUa7MCH48-a",
          "checksum": "df58b8aca0d24a6f539afcb12fe82871"
        },
        {
          "type": "icon",
          "assetId": "qeKEegPJTNgW",
          "checksum": "505621c8b47d5d3a33530453b89343dd"
        },
        {
          "type": "icon",
          "assetId": "Gxoployn5aZt",
          "checksum": "0f0d3d00f80f14ca6b6872399416b0a1"
        },
        {
          "type": "icon",
          "assetId": "WcrHVR5m1rc7",
          "checksum": "2c5b1e320fafd9eb8cfc7b3f42d1f26a"
        },
        {
          "type": "icon",
          "assetId": "K5MhiP8WRrjp",
          "checksum": "42fa93ab32684f0192fb3f93c6c98981"
        },
        {
          "type": "icon",
          "assetId": "3kctR5sFWCN-",
          "checksum": "9f19fda3d41640095f8f54b8ddef9950"
        },
        {
          "type": "icon",
          "assetId": "wDl0604MegUw",
          "checksum": "e8caa8235ea0e94ac016f34daf92aeda"
        },
        {
          "type": "icon",
          "assetId": "Jy_kGqBObjcc",
          "checksum": "e3b4cecf8365582e7034237ae0e1ec5e"
        },
        {
          "type": "icon",
          "assetId": "m0DFeECKMN7z",
          "checksum": "9540ed6d0b7c521196264c5a151a624c"
        },
        {
          "type": "image",
          "assetId": "B3fSb8P5NYNH",
          "checksum": "b768eccf42eccdddd079569f34945211"
        },
        {
          "type": "image",
          "assetId": "tRM5a0G1QSTc",
          "checksum": "8faf988e2cff5fd591cac8bdad39402f"
        },
        {
          "type": "image",
          "assetId": "w85b2naQhql6",
          "checksum": "9d2cabd87c459d695611fe327f0fd8ec"
        },
        {
          "type": "image",
          "assetId": "WW4fHtW6D4DE",
          "checksum": "1bd790b8600c1f722326b335b52febb8"
        }
      ],
      "codegenVersion": "0.0.1"
    }
  ],
  "cliVersion": "0.1.169"
}
